// !$*UTF8*$!
{
	archiveVersion = 1;
	classes = {
	};
	objectVersion = 51;
	objects = {

/* Begin PBXBuildFile section */
		3A3A06E72528B978006ACD23 /* VideoItemWithThumbnail.swift in Sources */ = {isa = PBXBuildFile; fileRef = 3A3A06E62528B978006ACD23 /* VideoItemWithThumbnail.swift */; };
		3A8DC1F12509527B00A833E6 /* SearchResults.storyboard in Resources */ = {isa = PBXBuildFile; fileRef = 3A8DC1F02509527B00A833E6 /* SearchResults.storyboard */; };
		3A8DC1F3250952BF00A833E6 /* SearchResultsViewController.swift in Sources */ = {isa = PBXBuildFile; fileRef = 3A8DC1F2250952BF00A833E6 /* SearchResultsViewController.swift */; };
		3A8DC1F7250958E100A833E6 /* SearchResultCell.swift in Sources */ = {isa = PBXBuildFile; fileRef = 3A8DC1F5250958E100A833E6 /* SearchResultCell.swift */; };
		3A8DC1F8250958E100A833E6 /* SearchResultCell.xib in Resources */ = {isa = PBXBuildFile; fileRef = 3A8DC1F6250958E100A833E6 /* SearchResultCell.xib */; };
		3A8DC1FC25096B1700A833E6 /* ChannelResultCell.swift in Sources */ = {isa = PBXBuildFile; fileRef = 3A8DC1FA25096B1700A833E6 /* ChannelResultCell.swift */; };
		3A8DC1FD25096B1700A833E6 /* ChannelResultCell.xib in Resources */ = {isa = PBXBuildFile; fileRef = 3A8DC1FB25096B1700A833E6 /* ChannelResultCell.xib */; };
		3A90A3E224F9A91700B637C2 /* Search.storyboard in Resources */ = {isa = PBXBuildFile; fileRef = 3A90A3E124F9A91700B637C2 /* Search.storyboard */; };
		3A90A3E424FEBE7200B637C2 /* SearchViewController.swift in Sources */ = {isa = PBXBuildFile; fileRef = 3A90A3E324FEBE7200B637C2 /* SearchViewController.swift */; };
		3A9B09292528AD2D00FFBF1B /* Channel.swift in Sources */ = {isa = PBXBuildFile; fileRef = 3A9B09282528AD2D00FFBF1B /* Channel.swift */; };
		3A9B092C2528ADB000FFBF1B /* Video.swift in Sources */ = {isa = PBXBuildFile; fileRef = 3A9B092B2528ADB000FFBF1B /* Video.swift */; };
		3AB2D00D24EB22DE003A3D2B /* ChannelResponse.swift in Sources */ = {isa = PBXBuildFile; fileRef = 3AB2D00C24EB22DE003A3D2B /* ChannelResponse.swift */; };
		3AB2D00F24EC4AB0003A3D2B /* VideoResponse.swift in Sources */ = {isa = PBXBuildFile; fileRef = 3AB2D00E24EC4AB0003A3D2B /* VideoResponse.swift */; };
		3AC4F5802525E26800C035CB /* Request.swift in Sources */ = {isa = PBXBuildFile; fileRef = 3AC4F57F2525E26800C035CB /* Request.swift */; };
		3AD5706E24E30EE300B7A7B2 /* AppDelegate.swift in Sources */ = {isa = PBXBuildFile; fileRef = 3AD5706D24E30EE300B7A7B2 /* AppDelegate.swift */; };
		3AD5707024E30EE300B7A7B2 /* SceneDelegate.swift in Sources */ = {isa = PBXBuildFile; fileRef = 3AD5706F24E30EE300B7A7B2 /* SceneDelegate.swift */; };
		3AD5707224E30EE300B7A7B2 /* HomeViewController.swift in Sources */ = {isa = PBXBuildFile; fileRef = 3AD5707124E30EE300B7A7B2 /* HomeViewController.swift */; };
		3AD5707724E30EE400B7A7B2 /* Assets.xcassets in Resources */ = {isa = PBXBuildFile; fileRef = 3AD5707624E30EE400B7A7B2 /* Assets.xcassets */; };
		3ADC444124E47EE400266C5F /* SearchResponse.swift in Sources */ = {isa = PBXBuildFile; fileRef = 3ADC444024E47EE400266C5F /* SearchResponse.swift */; };
		3AE3A4C624EEF8180037BFED /* BaseTabBar.storyboard in Resources */ = {isa = PBXBuildFile; fileRef = 3AE3A4C524EEF8180037BFED /* BaseTabBar.storyboard */; };
		3AE3A4C824EEF9950037BFED /* Empty.storyboard in Resources */ = {isa = PBXBuildFile; fileRef = 3AE3A4C724EEF9950037BFED /* Empty.storyboard */; };
		3AE3A4CB24EEFE460037BFED /* Home.storyboard in Resources */ = {isa = PBXBuildFile; fileRef = 3AD5707324E30EE300B7A7B2 /* Home.storyboard */; };
		3AE3A4CC24EEFE510037BFED /* LaunchScreen.storyboard in Resources */ = {isa = PBXBuildFile; fileRef = 3AD5707824E30EE400B7A7B2 /* LaunchScreen.storyboard */; };
		3AF06732252CB804006F17CE /* VideoListCollectionViewCell.swift in Sources */ = {isa = PBXBuildFile; fileRef = 3AF06730252CB804006F17CE /* VideoListCollectionViewCell.swift */; };
		3AF06733252CB804006F17CE /* VideoListCollectionViewCell.xib in Resources */ = {isa = PBXBuildFile; fileRef = 3AF06731252CB804006F17CE /* VideoListCollectionViewCell.xib */; };
		3AF43D5C24EF03D600529106 /* BaseTabBarViewController.swift in Sources */ = {isa = PBXBuildFile; fileRef = 3AF43D5B24EF03D600529106 /* BaseTabBarViewController.swift */; };
		3AF43D6024F03FE200529106 /* UIImage+Resize.swift in Sources */ = {isa = PBXBuildFile; fileRef = 3AF43D5F24F03FE200529106 /* UIImage+Resize.swift */; };
		3AF9684124E7D2FA00378D11 /* YoutubeClient.swift in Sources */ = {isa = PBXBuildFile; fileRef = 3AF9684024E7D2FA00378D11 /* YoutubeClient.swift */; };
		D4964D1937A6CE4BEDABBBC8 /* Pods_youtube_clone.framework in Frameworks */ = {isa = PBXBuildFile; fileRef = D304341F9DD11F65BF78CAFE /* Pods_youtube_clone.framework */; };
/* End PBXBuildFile section */

/* Begin PBXFileReference section */
		3A3A06E62528B978006ACD23 /* VideoItemWithThumbnail.swift */ = {isa = PBXFileReference; lastKnownFileType = sourcecode.swift; path = VideoItemWithThumbnail.swift; sourceTree = "<group>"; };
		3A8DC1F02509527B00A833E6 /* SearchResults.storyboard */ = {isa = PBXFileReference; lastKnownFileType = file.storyboard; path = SearchResults.storyboard; sourceTree = "<group>"; };
		3A8DC1F2250952BF00A833E6 /* SearchResultsViewController.swift */ = {isa = PBXFileReference; lastKnownFileType = sourcecode.swift; path = SearchResultsViewController.swift; sourceTree = "<group>"; };
		3A8DC1F5250958E100A833E6 /* SearchResultCell.swift */ = {isa = PBXFileReference; lastKnownFileType = sourcecode.swift; path = SearchResultCell.swift; sourceTree = "<group>"; };
		3A8DC1F6250958E100A833E6 /* SearchResultCell.xib */ = {isa = PBXFileReference; lastKnownFileType = file.xib; path = SearchResultCell.xib; sourceTree = "<group>"; };
		3A8DC1FA25096B1700A833E6 /* ChannelResultCell.swift */ = {isa = PBXFileReference; lastKnownFileType = sourcecode.swift; path = ChannelResultCell.swift; sourceTree = "<group>"; };
		3A8DC1FB25096B1700A833E6 /* ChannelResultCell.xib */ = {isa = PBXFileReference; lastKnownFileType = file.xib; path = ChannelResultCell.xib; sourceTree = "<group>"; };
		3A90A3E124F9A91700B637C2 /* Search.storyboard */ = {isa = PBXFileReference; lastKnownFileType = file.storyboard; path = Search.storyboard; sourceTree = "<group>"; };
		3A90A3E324FEBE7200B637C2 /* SearchViewController.swift */ = {isa = PBXFileReference; lastKnownFileType = sourcecode.swift; path = SearchViewController.swift; sourceTree = "<group>"; };
		3A9B09282528AD2D00FFBF1B /* Channel.swift */ = {isa = PBXFileReference; lastKnownFileType = sourcecode.swift; path = Channel.swift; sourceTree = "<group>"; };
		3A9B092B2528ADB000FFBF1B /* Video.swift */ = {isa = PBXFileReference; lastKnownFileType = sourcecode.swift; path = Video.swift; sourceTree = "<group>"; };
		3AB2D00C24EB22DE003A3D2B /* ChannelResponse.swift */ = {isa = PBXFileReference; lastKnownFileType = sourcecode.swift; path = ChannelResponse.swift; sourceTree = "<group>"; };
		3AB2D00E24EC4AB0003A3D2B /* VideoResponse.swift */ = {isa = PBXFileReference; lastKnownFileType = sourcecode.swift; path = VideoResponse.swift; sourceTree = "<group>"; };
		3AC4F57F2525E26800C035CB /* Request.swift */ = {isa = PBXFileReference; lastKnownFileType = sourcecode.swift; path = Request.swift; sourceTree = "<group>"; };
		3AD5706A24E30EE300B7A7B2 /* youtube-clone.app */ = {isa = PBXFileReference; explicitFileType = wrapper.application; includeInIndex = 0; path = "youtube-clone.app"; sourceTree = BUILT_PRODUCTS_DIR; };
		3AD5706D24E30EE300B7A7B2 /* AppDelegate.swift */ = {isa = PBXFileReference; lastKnownFileType = sourcecode.swift; path = AppDelegate.swift; sourceTree = "<group>"; };
		3AD5706F24E30EE300B7A7B2 /* SceneDelegate.swift */ = {isa = PBXFileReference; lastKnownFileType = sourcecode.swift; path = SceneDelegate.swift; sourceTree = "<group>"; };
		3AD5707124E30EE300B7A7B2 /* HomeViewController.swift */ = {isa = PBXFileReference; lastKnownFileType = sourcecode.swift; path = HomeViewController.swift; sourceTree = "<group>"; };
		3AD5707424E30EE300B7A7B2 /* Base */ = {isa = PBXFileReference; lastKnownFileType = file.storyboard; name = Base; path = Base.lproj/Home.storyboard; sourceTree = "<group>"; };
		3AD5707624E30EE400B7A7B2 /* Assets.xcassets */ = {isa = PBXFileReference; lastKnownFileType = folder.assetcatalog; path = Assets.xcassets; sourceTree = "<group>"; };
		3AD5707924E30EE400B7A7B2 /* Base */ = {isa = PBXFileReference; lastKnownFileType = file.storyboard; name = Base; path = Base.lproj/LaunchScreen.storyboard; sourceTree = "<group>"; };
		3AD5707B24E30EE400B7A7B2 /* Info.plist */ = {isa = PBXFileReference; lastKnownFileType = text.plist.xml; path = Info.plist; sourceTree = "<group>"; };
		3ADC444024E47EE400266C5F /* SearchResponse.swift */ = {isa = PBXFileReference; lastKnownFileType = sourcecode.swift; path = SearchResponse.swift; sourceTree = "<group>"; };
		3AE3A4C524EEF8180037BFED /* BaseTabBar.storyboard */ = {isa = PBXFileReference; lastKnownFileType = file.storyboard; path = BaseTabBar.storyboard; sourceTree = "<group>"; };
		3AE3A4C724EEF9950037BFED /* Empty.storyboard */ = {isa = PBXFileReference; lastKnownFileType = file.storyboard; path = Empty.storyboard; sourceTree = "<group>"; };
		3AF06730252CB804006F17CE /* VideoListCollectionViewCell.swift */ = {isa = PBXFileReference; lastKnownFileType = sourcecode.swift; path = VideoListCollectionViewCell.swift; sourceTree = "<group>"; };
		3AF06731252CB804006F17CE /* VideoListCollectionViewCell.xib */ = {isa = PBXFileReference; lastKnownFileType = file.xib; path = VideoListCollectionViewCell.xib; sourceTree = "<group>"; };
		3AF43D5B24EF03D600529106 /* BaseTabBarViewController.swift */ = {isa = PBXFileReference; lastKnownFileType = sourcecode.swift; path = BaseTabBarViewController.swift; sourceTree = "<group>"; };
		3AF43D5F24F03FE200529106 /* UIImage+Resize.swift */ = {isa = PBXFileReference; lastKnownFileType = sourcecode.swift; path = "UIImage+Resize.swift"; sourceTree = "<group>"; };
		3AF9684024E7D2FA00378D11 /* YoutubeClient.swift */ = {isa = PBXFileReference; lastKnownFileType = sourcecode.swift; path = YoutubeClient.swift; sourceTree = "<group>"; };
		73B78DB49DF67DA33F8BBFED /* Pods-youtube-clone.debug.xcconfig */ = {isa = PBXFileReference; includeInIndex = 1; lastKnownFileType = text.xcconfig; name = "Pods-youtube-clone.debug.xcconfig"; path = "Target Support Files/Pods-youtube-clone/Pods-youtube-clone.debug.xcconfig"; sourceTree = "<group>"; };
		882A8ECD21A898C7FB040018 /* Pods-youtube-clone.release.xcconfig */ = {isa = PBXFileReference; includeInIndex = 1; lastKnownFileType = text.xcconfig; name = "Pods-youtube-clone.release.xcconfig"; path = "Target Support Files/Pods-youtube-clone/Pods-youtube-clone.release.xcconfig"; sourceTree = "<group>"; };
		D304341F9DD11F65BF78CAFE /* Pods_youtube_clone.framework */ = {isa = PBXFileReference; explicitFileType = wrapper.framework; includeInIndex = 0; path = Pods_youtube_clone.framework; sourceTree = BUILT_PRODUCTS_DIR; };
/* End PBXFileReference section */

/* Begin PBXFrameworksBuildPhase section */
		3AD5706724E30EE300B7A7B2 /* Frameworks */ = {
			isa = PBXFrameworksBuildPhase;
			buildActionMask = 2147483647;
			files = (
				D4964D1937A6CE4BEDABBBC8 /* Pods_youtube_clone.framework in Frameworks */,
			);
			runOnlyForDeploymentPostprocessing = 0;
		};
/* End PBXFrameworksBuildPhase section */

/* Begin PBXGroup section */
		25001E5C2FE04A74D2EEB451 /* Pods */ = {
			isa = PBXGroup;
			children = (
				73B78DB49DF67DA33F8BBFED /* Pods-youtube-clone.debug.xcconfig */,
				882A8ECD21A898C7FB040018 /* Pods-youtube-clone.release.xcconfig */,
			);
			path = Pods;
			sourceTree = "<group>";
		};
		3A8DC1F4250958A900A833E6 /* SearchResultCell */ = {
			isa = PBXGroup;
			children = (
				3A8DC1F5250958E100A833E6 /* SearchResultCell.swift */,
				3A8DC1F6250958E100A833E6 /* SearchResultCell.xib */,
			);
			path = SearchResultCell;
			sourceTree = "<group>";
		};
		3A8DC1F92509684A00A833E6 /* ChannelResultCell */ = {
			isa = PBXGroup;
			children = (
				3A8DC1FA25096B1700A833E6 /* ChannelResultCell.swift */,
				3A8DC1FB25096B1700A833E6 /* ChannelResultCell.xib */,
			);
			path = ChannelResultCell;
			sourceTree = "<group>";
		};
		3AD5706124E30EE300B7A7B2 = {
			isa = PBXGroup;
			children = (
				3AD5706C24E30EE300B7A7B2 /* youtube-clone */,
				3AD5706B24E30EE300B7A7B2 /* Products */,
				25001E5C2FE04A74D2EEB451 /* Pods */,
				A11FC1EEF754615A19672953 /* Frameworks */,
			);
			sourceTree = "<group>";
		};
		3AD5706B24E30EE300B7A7B2 /* Products */ = {
			isa = PBXGroup;
			children = (
				3AD5706A24E30EE300B7A7B2 /* youtube-clone.app */,
			);
			name = Products;
			sourceTree = "<group>";
		};
		3AD5706C24E30EE300B7A7B2 /* youtube-clone */ = {
			isa = PBXGroup;
			children = (
				3AF43D5E24F03F1500529106 /* Services */,
				3AF43D5D24F03F0800529106 /* Extensions */,
				3ADC443F24E47ECB00266C5F /* Models */,
				3AE3A4CA24EEFD170037BFED /* Views */,
				3AE3A4C924EEFD020037BFED /* Controllers */,
				3AD5706D24E30EE300B7A7B2 /* AppDelegate.swift */,
				3AD5706F24E30EE300B7A7B2 /* SceneDelegate.swift */,
				3AD5707B24E30EE400B7A7B2 /* Info.plist */,
			);
			path = "youtube-clone";
			sourceTree = "<group>";
		};
		3AD5708124E310A900B7A7B2 /* Cells */ = {
			isa = PBXGroup;
			children = (
				3A8DC1F92509684A00A833E6 /* ChannelResultCell */,
				3A8DC1F4250958A900A833E6 /* SearchResultCell */,
				3AD5708424E319DD00B7A7B2 /* VideoListCell */,
			);
			path = Cells;
			sourceTree = "<group>";
		};
		3AD5708424E319DD00B7A7B2 /* VideoListCell */ = {
			isa = PBXGroup;
			children = (
				3AF06730252CB804006F17CE /* VideoListCollectionViewCell.swift */,
				3AF06731252CB804006F17CE /* VideoListCollectionViewCell.xib */,
			);
			path = VideoListCell;
			sourceTree = "<group>";
		};
		3ADC443F24E47ECB00266C5F /* Models */ = {
			isa = PBXGroup;
			children = (
				3ADC444024E47EE400266C5F /* SearchResponse.swift */,
				3AB2D00C24EB22DE003A3D2B /* ChannelResponse.swift */,
				3AB2D00E24EC4AB0003A3D2B /* VideoResponse.swift */,
				3A9B09282528AD2D00FFBF1B /* Channel.swift */,
				3A9B092B2528ADB000FFBF1B /* Video.swift */,
				3A3A06E62528B978006ACD23 /* VideoItemWithThumbnail.swift */,
			);
			path = Models;
			sourceTree = "<group>";
		};
		3AE3A4C924EEFD020037BFED /* Controllers */ = {
			isa = PBXGroup;
			children = (
				3AD5707124E30EE300B7A7B2 /* HomeViewController.swift */,
				3AF43D5B24EF03D600529106 /* BaseTabBarViewController.swift */,
				3A90A3E324FEBE7200B637C2 /* SearchViewController.swift */,
				3A8DC1F2250952BF00A833E6 /* SearchResultsViewController.swift */,
			);
			path = Controllers;
			sourceTree = "<group>";
		};
		3AE3A4CA24EEFD170037BFED /* Views */ = {
			isa = PBXGroup;
			children = (
				3AD5708124E310A900B7A7B2 /* Cells */,
				3AE3A4C524EEF8180037BFED /* BaseTabBar.storyboard */,
				3AE3A4C724EEF9950037BFED /* Empty.storyboard */,
				3AD5707624E30EE400B7A7B2 /* Assets.xcassets */,
				3AD5707324E30EE300B7A7B2 /* Home.storyboard */,
				3AD5707824E30EE400B7A7B2 /* LaunchScreen.storyboard */,
				3A90A3E124F9A91700B637C2 /* Search.storyboard */,
				3A8DC1F02509527B00A833E6 /* SearchResults.storyboard */,
			);
			path = Views;
			sourceTree = "<group>";
		};
		3AF43D5D24F03F0800529106 /* Extensions */ = {
			isa = PBXGroup;
			children = (
				3AF43D5F24F03FE200529106 /* UIImage+Resize.swift */,
			);
			path = Extensions;
			sourceTree = "<group>";
		};
		3AF43D5E24F03F1500529106 /* Services */ = {
			isa = PBXGroup;
			children = (
				3AF9684024E7D2FA00378D11 /* YoutubeClient.swift */,
				3AC4F57F2525E26800C035CB /* Request.swift */,
			);
			path = Services;
			sourceTree = "<group>";
		};
		A11FC1EEF754615A19672953 /* Frameworks */ = {
			isa = PBXGroup;
			children = (
				D304341F9DD11F65BF78CAFE /* Pods_youtube_clone.framework */,
			);
			name = Frameworks;
			sourceTree = "<group>";
		};
/* End PBXGroup section */

/* Begin PBXNativeTarget section */
		3AD5706924E30EE300B7A7B2 /* youtube-clone */ = {
			isa = PBXNativeTarget;
			buildConfigurationList = 3AD5707E24E30EE400B7A7B2 /* Build configuration list for PBXNativeTarget "youtube-clone" */;
			buildPhases = (
				3CF5123E04043345760782BC /* [CP] Check Pods Manifest.lock */,
				3AD5706624E30EE300B7A7B2 /* Sources */,
				3AD5706724E30EE300B7A7B2 /* Frameworks */,
				3AD5706824E30EE300B7A7B2 /* Resources */,
				E804C6CF07DAC1A40E5217E8 /* [CP] Embed Pods Frameworks */,
			);
			buildRules = (
			);
			dependencies = (
			);
			name = "youtube-clone";
			productName = "youtube-clone";
			productReference = 3AD5706A24E30EE300B7A7B2 /* youtube-clone.app */;
			productType = "com.apple.product-type.application";
		};
/* End PBXNativeTarget section */

/* Begin PBXProject section */
		3AD5706224E30EE300B7A7B2 /* Project object */ = {
			isa = PBXProject;
			attributes = {
				LastSwiftUpdateCheck = 1160;
				LastUpgradeCheck = 1160;
				ORGANIZATIONNAME = Uppercaseme;
				TargetAttributes = {
					3AD5706924E30EE300B7A7B2 = {
						CreatedOnToolsVersion = 11.6;
					};
				};
			};
			buildConfigurationList = 3AD5706524E30EE300B7A7B2 /* Build configuration list for PBXProject "youtube-clone" */;
			compatibilityVersion = "Xcode 9.3";
			developmentRegion = en;
			hasScannedForEncodings = 0;
			knownRegions = (
				en,
				Base,
			);
			mainGroup = 3AD5706124E30EE300B7A7B2;
			productRefGroup = 3AD5706B24E30EE300B7A7B2 /* Products */;
			projectDirPath = "";
			projectRoot = "";
			targets = (
				3AD5706924E30EE300B7A7B2 /* youtube-clone */,
			);
		};
/* End PBXProject section */

/* Begin PBXResourcesBuildPhase section */
		3AD5706824E30EE300B7A7B2 /* Resources */ = {
			isa = PBXResourcesBuildPhase;
			buildActionMask = 2147483647;
			files = (
				3AE3A4CC24EEFE510037BFED /* LaunchScreen.storyboard in Resources */,
				3AE3A4CB24EEFE460037BFED /* Home.storyboard in Resources */,
				3AE3A4C824EEF9950037BFED /* Empty.storyboard in Resources */,
				3A8DC1FD25096B1700A833E6 /* ChannelResultCell.xib in Resources */,
				3A8DC1F8250958E100A833E6 /* SearchResultCell.xib in Resources */,
				3A90A3E224F9A91700B637C2 /* Search.storyboard in Resources */,
				3AD5707724E30EE400B7A7B2 /* Assets.xcassets in Resources */,
				3A8DC1F12509527B00A833E6 /* SearchResults.storyboard in Resources */,
				3AF06733252CB804006F17CE /* VideoListCollectionViewCell.xib in Resources */,
				3AE3A4C624EEF8180037BFED /* BaseTabBar.storyboard in Resources */,
			);
			runOnlyForDeploymentPostprocessing = 0;
		};
/* End PBXResourcesBuildPhase section */

/* Begin PBXShellScriptBuildPhase section */
		3CF5123E04043345760782BC /* [CP] Check Pods Manifest.lock */ = {
			isa = PBXShellScriptBuildPhase;
			buildActionMask = 2147483647;
			files = (
			);
			inputFileListPaths = (
			);
			inputPaths = (
				"${PODS_PODFILE_DIR_PATH}/Podfile.lock",
				"${PODS_ROOT}/Manifest.lock",
			);
			name = "[CP] Check Pods Manifest.lock";
			outputFileListPaths = (
			);
			outputPaths = (
				"$(DERIVED_FILE_DIR)/Pods-youtube-clone-checkManifestLockResult.txt",
			);
			runOnlyForDeploymentPostprocessing = 0;
			shellPath = /bin/sh;
			shellScript = "diff \"${PODS_PODFILE_DIR_PATH}/Podfile.lock\" \"${PODS_ROOT}/Manifest.lock\" > /dev/null\nif [ $? != 0 ] ; then\n    # print error to STDERR\n    echo \"error: The sandbox is not in sync with the Podfile.lock. Run 'pod install' or update your CocoaPods installation.\" >&2\n    exit 1\nfi\n# This output is used by Xcode 'outputs' to avoid re-running this script phase.\necho \"SUCCESS\" > \"${SCRIPT_OUTPUT_FILE_0}\"\n";
			showEnvVarsInLog = 0;
		};
		E804C6CF07DAC1A40E5217E8 /* [CP] Embed Pods Frameworks */ = {
			isa = PBXShellScriptBuildPhase;
			buildActionMask = 2147483647;
			files = (
			);
			inputFileListPaths = (
				"${PODS_ROOT}/Target Support Files/Pods-youtube-clone/Pods-youtube-clone-frameworks-${CONFIGURATION}-input-files.xcfilelist",
			);
			name = "[CP] Embed Pods Frameworks";
			outputFileListPaths = (
				"${PODS_ROOT}/Target Support Files/Pods-youtube-clone/Pods-youtube-clone-frameworks-${CONFIGURATION}-output-files.xcfilelist",
			);
			runOnlyForDeploymentPostprocessing = 0;
			shellPath = /bin/sh;
			shellScript = "\"${PODS_ROOT}/Target Support Files/Pods-youtube-clone/Pods-youtube-clone-frameworks.sh\"\n";
			showEnvVarsInLog = 0;
		};
/* End PBXShellScriptBuildPhase section */

/* Begin PBXSourcesBuildPhase section */
		3AD5706624E30EE300B7A7B2 /* Sources */ = {
			isa = PBXSourcesBuildPhase;
			buildActionMask = 2147483647;
			files = (
				3AB2D00D24EB22DE003A3D2B /* ChannelResponse.swift in Sources */,
				3A9B09292528AD2D00FFBF1B /* Channel.swift in Sources */,
				3AC4F5802525E26800C035CB /* Request.swift in Sources */,
				3A90A3E424FEBE7200B637C2 /* SearchViewController.swift in Sources */,
				3AD5707224E30EE300B7A7B2 /* HomeViewController.swift in Sources */,
				3A8DC1F7250958E100A833E6 /* SearchResultCell.swift in Sources */,
				3AD5706E24E30EE300B7A7B2 /* AppDelegate.swift in Sources */,
				3A8DC1FC25096B1700A833E6 /* ChannelResultCell.swift in Sources */,
				3AF9684124E7D2FA00378D11 /* YoutubeClient.swift in Sources */,
				3A8DC1F3250952BF00A833E6 /* SearchResultsViewController.swift in Sources */,
				3A9B092C2528ADB000FFBF1B /* Video.swift in Sources */,
				3AB2D00F24EC4AB0003A3D2B /* VideoResponse.swift in Sources */,
				3AD5707024E30EE300B7A7B2 /* SceneDelegate.swift in Sources */,
				3AF06732252CB804006F17CE /* VideoListCollectionViewCell.swift in Sources */,
				3ADC444124E47EE400266C5F /* SearchResponse.swift in Sources */,
				3AF43D5C24EF03D600529106 /* BaseTabBarViewController.swift in Sources */,
				3AF43D6024F03FE200529106 /* UIImage+Resize.swift in Sources */,
				3A3A06E72528B978006ACD23 /* VideoItemWithThumbnail.swift in Sources */,
			);
			runOnlyForDeploymentPostprocessing = 0;
		};
/* End PBXSourcesBuildPhase section */

/* Begin PBXVariantGroup section */
		3AD5707324E30EE300B7A7B2 /* Home.storyboard */ = {
			isa = PBXVariantGroup;
			children = (
				3AD5707424E30EE300B7A7B2 /* Base */,
			);
			name = Home.storyboard;
			sourceTree = "<group>";
		};
		3AD5707824E30EE400B7A7B2 /* LaunchScreen.storyboard */ = {
			isa = PBXVariantGroup;
			children = (
				3AD5707924E30EE400B7A7B2 /* Base */,
			);
			name = LaunchScreen.storyboard;
			sourceTree = "<group>";
		};
/* End PBXVariantGroup section */

/* Begin XCBuildConfiguration section */
		3AD5707C24E30EE400B7A7B2 /* Debug */ = {
			isa = XCBuildConfiguration;
			buildSettings = {
				ALWAYS_SEARCH_USER_PATHS = NO;
				CLANG_ANALYZER_NONNULL = YES;
				CLANG_ANALYZER_NUMBER_OBJECT_CONVERSION = YES_AGGRESSIVE;
				CLANG_CXX_LANGUAGE_STANDARD = "gnu++14";
				CLANG_CXX_LIBRARY = "libc++";
				CLANG_ENABLE_MODULES = YES;
				CLANG_ENABLE_OBJC_ARC = YES;
				CLANG_ENABLE_OBJC_WEAK = YES;
				CLANG_WARN_BLOCK_CAPTURE_AUTORELEASING = YES;
				CLANG_WARN_BOOL_CONVERSION = YES;
				CLANG_WARN_COMMA = YES;
				CLANG_WARN_CONSTANT_CONVERSION = YES;
				CLANG_WARN_DEPRECATED_OBJC_IMPLEMENTATIONS = YES;
				CLANG_WARN_DIRECT_OBJC_ISA_USAGE = YES_ERROR;
				CLANG_WARN_DOCUMENTATION_COMMENTS = YES;
				CLANG_WARN_EMPTY_BODY = YES;
				CLANG_WARN_ENUM_CONVERSION = YES;
				CLANG_WARN_INFINITE_RECURSION = YES;
				CLANG_WARN_INT_CONVERSION = YES;
				CLANG_WARN_NON_LITERAL_NULL_CONVERSION = YES;
				CLANG_WARN_OBJC_IMPLICIT_RETAIN_SELF = YES;
				CLANG_WARN_OBJC_LITERAL_CONVERSION = YES;
				CLANG_WARN_OBJC_ROOT_CLASS = YES_ERROR;
				CLANG_WARN_RANGE_LOOP_ANALYSIS = YES;
				CLANG_WARN_STRICT_PROTOTYPES = YES;
				CLANG_WARN_SUSPICIOUS_MOVE = YES;
				CLANG_WARN_UNGUARDED_AVAILABILITY = YES_AGGRESSIVE;
				CLANG_WARN_UNREACHABLE_CODE = YES;
				CLANG_WARN__DUPLICATE_METHOD_MATCH = YES;
				COPY_PHASE_STRIP = NO;
				DEBUG_INFORMATION_FORMAT = dwarf;
				ENABLE_STRICT_OBJC_MSGSEND = YES;
				ENABLE_TESTABILITY = YES;
				GCC_C_LANGUAGE_STANDARD = gnu11;
				GCC_DYNAMIC_NO_PIC = NO;
				GCC_NO_COMMON_BLOCKS = YES;
				GCC_OPTIMIZATION_LEVEL = 0;
				GCC_PREPROCESSOR_DEFINITIONS = (
					"DEBUG=1",
					"$(inherited)",
				);
				GCC_WARN_64_TO_32_BIT_CONVERSION = YES;
				GCC_WARN_ABOUT_RETURN_TYPE = YES_ERROR;
				GCC_WARN_UNDECLARED_SELECTOR = YES;
				GCC_WARN_UNINITIALIZED_AUTOS = YES_AGGRESSIVE;
				GCC_WARN_UNUSED_FUNCTION = YES;
				GCC_WARN_UNUSED_VARIABLE = YES;
				IPHONEOS_DEPLOYMENT_TARGET = 13.6;
				MTL_ENABLE_DEBUG_INFO = INCLUDE_SOURCE;
				MTL_FAST_MATH = YES;
				ONLY_ACTIVE_ARCH = YES;
				SDKROOT = iphoneos;
				SWIFT_ACTIVE_COMPILATION_CONDITIONS = DEBUG;
				SWIFT_OPTIMIZATION_LEVEL = "-Onone";
			};
			name = Debug;
		};
		3AD5707D24E30EE400B7A7B2 /* Release */ = {
			isa = XCBuildConfiguration;
			buildSettings = {
				ALWAYS_SEARCH_USER_PATHS = NO;
				CLANG_ANALYZER_NONNULL = YES;
				CLANG_ANALYZER_NUMBER_OBJECT_CONVERSION = YES_AGGRESSIVE;
				CLANG_CXX_LANGUAGE_STANDARD = "gnu++14";
				CLANG_CXX_LIBRARY = "libc++";
				CLANG_ENABLE_MODULES = YES;
				CLANG_ENABLE_OBJC_ARC = YES;
				CLANG_ENABLE_OBJC_WEAK = YES;
				CLANG_WARN_BLOCK_CAPTURE_AUTORELEASING = YES;
				CLANG_WARN_BOOL_CONVERSION = YES;
				CLANG_WARN_COMMA = YES;
				CLANG_WARN_CONSTANT_CONVERSION = YES;
				CLANG_WARN_DEPRECATED_OBJC_IMPLEMENTATIONS = YES;
				CLANG_WARN_DIRECT_OBJC_ISA_USAGE = YES_ERROR;
				CLANG_WARN_DOCUMENTATION_COMMENTS = YES;
				CLANG_WARN_EMPTY_BODY = YES;
				CLANG_WARN_ENUM_CONVERSION = YES;
				CLANG_WARN_INFINITE_RECURSION = YES;
				CLANG_WARN_INT_CONVERSION = YES;
				CLANG_WARN_NON_LITERAL_NULL_CONVERSION = YES;
				CLANG_WARN_OBJC_IMPLICIT_RETAIN_SELF = YES;
				CLANG_WARN_OBJC_LITERAL_CONVERSION = YES;
				CLANG_WARN_OBJC_ROOT_CLASS = YES_ERROR;
				CLANG_WARN_RANGE_LOOP_ANALYSIS = YES;
				CLANG_WARN_STRICT_PROTOTYPES = YES;
				CLANG_WARN_SUSPICIOUS_MOVE = YES;
				CLANG_WARN_UNGUARDED_AVAILABILITY = YES_AGGRESSIVE;
				CLANG_WARN_UNREACHABLE_CODE = YES;
				CLANG_WARN__DUPLICATE_METHOD_MATCH = YES;
				COPY_PHASE_STRIP = NO;
				DEBUG_INFORMATION_FORMAT = "dwarf-with-dsym";
				ENABLE_NS_ASSERTIONS = NO;
				ENABLE_STRICT_OBJC_MSGSEND = YES;
				GCC_C_LANGUAGE_STANDARD = gnu11;
				GCC_NO_COMMON_BLOCKS = YES;
				GCC_WARN_64_TO_32_BIT_CONVERSION = YES;
				GCC_WARN_ABOUT_RETURN_TYPE = YES_ERROR;
				GCC_WARN_UNDECLARED_SELECTOR = YES;
				GCC_WARN_UNINITIALIZED_AUTOS = YES_AGGRESSIVE;
				GCC_WARN_UNUSED_FUNCTION = YES;
				GCC_WARN_UNUSED_VARIABLE = YES;
				IPHONEOS_DEPLOYMENT_TARGET = 13.6;
				MTL_ENABLE_DEBUG_INFO = NO;
				MTL_FAST_MATH = YES;
				SDKROOT = iphoneos;
				SWIFT_COMPILATION_MODE = wholemodule;
				SWIFT_OPTIMIZATION_LEVEL = "-O";
				VALIDATE_PRODUCT = YES;
			};
			name = Release;
		};
		3AD5707F24E30EE400B7A7B2 /* Debug */ = {
			isa = XCBuildConfiguration;
			baseConfigurationReference = 73B78DB49DF67DA33F8BBFED /* Pods-youtube-clone.debug.xcconfig */;
			buildSettings = {
				ASSETCATALOG_COMPILER_APPICON_NAME = AppIcon;
				CODE_SIGN_IDENTITY = "Apple Development";
				CODE_SIGN_STYLE = Automatic;
				DEVELOPMENT_TEAM = 6MYKKL5SB8;
				INFOPLIST_FILE = "youtube-clone/Info.plist";
				LD_RUNPATH_SEARCH_PATHS = (
					"$(inherited)",
					"@executable_path/Frameworks",
				);
				PRODUCT_BUNDLE_IDENTIFIER = "com.uppercaseme.youtube-clone";
				PRODUCT_NAME = "$(TARGET_NAME)";
				PROVISIONING_PROFILE_SPECIFIER = "";
				SWIFT_VERSION = 5.0;
				TARGETED_DEVICE_FAMILY = "1,2";
			};
			name = Debug;
		};
		3AD5708024E30EE400B7A7B2 /* Release */ = {
			isa = XCBuildConfiguration;
			baseConfigurationReference = 882A8ECD21A898C7FB040018 /* Pods-youtube-clone.release.xcconfig */;
			buildSettings = {
				ASSETCATALOG_COMPILER_APPICON_NAME = AppIcon;
				CODE_SIGN_IDENTITY = "Apple Development";
				CODE_SIGN_STYLE = Automatic;
				DEVELOPMENT_TEAM = 6MYKKL5SB8;
				INFOPLIST_FILE = "youtube-clone/Info.plist";
				LD_RUNPATH_SEARCH_PATHS = (
					"$(inherited)",
					"@executable_path/Frameworks",
				);
				PRODUCT_BUNDLE_IDENTIFIER = "com.uppercaseme.youtube-clone";
				PRODUCT_NAME = "$(TARGET_NAME)";
				PROVISIONING_PROFILE_SPECIFIER = "";
				SWIFT_VERSION = 5.0;
				TARGETED_DEVICE_FAMILY = "1,2";
			};
			name = Release;
		};
/* End XCBuildConfiguration section */

/* Begin XCConfigurationList section */
		3AD5706524E30EE300B7A7B2 /* Build configuration list for PBXProject "youtube-clone" */ = {
			isa = XCConfigurationList;
			buildConfigurations = (
				3AD5707C24E30EE400B7A7B2 /* Debug */,
				3AD5707D24E30EE400B7A7B2 /* Release */,
			);
			defaultConfigurationIsVisible = 0;
			defaultConfigurationName = Release;
		};
		3AD5707E24E30EE400B7A7B2 /* Build configuration list for PBXNativeTarget "youtube-clone" */ = {
			isa = XCConfigurationList;
			buildConfigurations = (
				3AD5707F24E30EE400B7A7B2 /* Debug */,
				3AD5708024E30EE400B7A7B2 /* Release */,
			);
			defaultConfigurationIsVisible = 0;
			defaultConfigurationName = Release;
		};
/* End XCConfigurationList section */
	};
	rootObject = 3AD5706224E30EE300B7A7B2 /* Project object */;
}
